// !$*UTF8*$!
{
	archiveVersion = 1;
	classes = {
	};
	objectVersion = 50;
	objects = {

/* Begin PBXBuildFile section */
		099D18EB22A98BC0008E9A4F /* AppDelegate.swift in Sources */ = {isa = PBXBuildFile; fileRef = 099D18EA22A98BC0008E9A4F /* AppDelegate.swift */; };
		099D18ED22A98BC0008E9A4F /* ViewController.swift in Sources */ = {isa = PBXBuildFile; fileRef = 099D18EC22A98BC0008E9A4F /* ViewController.swift */; };
		099D18F022A98BC0008E9A4F /* Main.storyboard in Resources */ = {isa = PBXBuildFile; fileRef = 099D18EE22A98BC0008E9A4F /* Main.storyboard */; };
		099D18F222A98BC2008E9A4F /* Assets.xcassets in Resources */ = {isa = PBXBuildFile; fileRef = 099D18F122A98BC2008E9A4F /* Assets.xcassets */; };
		099D18F522A98BC2008E9A4F /* LaunchScreen.storyboard in Resources */ = {isa = PBXBuildFile; fileRef = 099D18F322A98BC2008E9A4F /* LaunchScreen.storyboard */; };
		099D18FD22A98F74008E9A4F /* CardModel.swift in Sources */ = {isa = PBXBuildFile; fileRef = 099D18FC22A98F74008E9A4F /* CardModel.swift */; };
		099D18FF22A99242008E9A4F /* Card.swift in Sources */ = {isa = PBXBuildFile; fileRef = 099D18FE22A99242008E9A4F /* Card.swift */; };
		099D190122A99668008E9A4F /* CardCollectionViewCell.swift in Sources */ = {isa = PBXBuildFile; fileRef = 099D190022A99668008E9A4F /* CardCollectionViewCell.swift */; };
/* End PBXBuildFile section */

/* Begin PBXFileReference section */
		099D18E722A98BC0008E9A4F /* Concentration Game App.app */ = {isa = PBXFileReference; explicitFileType = wrapper.application; includeInIndex = 0; path = "Concentration Game App.app"; sourceTree = BUILT_PRODUCTS_DIR; };
		099D18EA22A98BC0008E9A4F /* AppDelegate.swift */ = {isa = PBXFileReference; lastKnownFileType = sourcecode.swift; path = AppDelegate.swift; sourceTree = "<group>"; };
		099D18EC22A98BC0008E9A4F /* ViewController.swift */ = {isa = PBXFileReference; lastKnownFileType = sourcecode.swift; path = ViewController.swift; sourceTree = "<group>"; };
		099D18EF22A98BC0008E9A4F /* Base */ = {isa = PBXFileReference; lastKnownFileType = file.storyboard; name = Base; path = Base.lproj/Main.storyboard; sourceTree = "<group>"; };
		099D18F122A98BC2008E9A4F /* Assets.xcassets */ = {isa = PBXFileReference; lastKnownFileType = folder.assetcatalog; path = Assets.xcassets; sourceTree = "<group>"; };
		099D18F422A98BC2008E9A4F /* Base */ = {isa = PBXFileReference; lastKnownFileType = file.storyboard; name = Base; path = Base.lproj/LaunchScreen.storyboard; sourceTree = "<group>"; };
		099D18F622A98BC2008E9A4F /* Info.plist */ = {isa = PBXFileReference; lastKnownFileType = text.plist.xml; path = Info.plist; sourceTree = "<group>"; };
		099D18FC22A98F74008E9A4F /* CardModel.swift */ = {isa = PBXFileReference; lastKnownFileType = sourcecode.swift; path = CardModel.swift; sourceTree = "<group>"; };
		099D18FE22A99242008E9A4F /* Card.swift */ = {isa = PBXFileReference; lastKnownFileType = sourcecode.swift; path = Card.swift; sourceTree = "<group>"; };
		099D190022A99668008E9A4F /* CardCollectionViewCell.swift */ = {isa = PBXFileReference; lastKnownFileType = sourcecode.swift; path = CardCollectionViewCell.swift; sourceTree = "<group>"; };
/* End PBXFileReference section */

/* Begin PBXFrameworksBuildPhase section */
		099D18E422A98BC0008E9A4F /* Frameworks */ = {
			isa = PBXFrameworksBuildPhase;
			buildActionMask = 2147483647;
			files = (
			);
			runOnlyForDeploymentPostprocessing = 0;
		};
/* End PBXFrameworksBuildPhase section */

/* Begin PBXGroup section */
		099D18DE22A98BBF008E9A4F = {
			isa = PBXGroup;
			children = (
				099D18E922A98BC0008E9A4F /* Concentration Game App */,
				099D18E822A98BC0008E9A4F /* Products */,
			);
			sourceTree = "<group>";
		};
		099D18E822A98BC0008E9A4F /* Products */ = {
			isa = PBXGroup;
			children = (
				099D18E722A98BC0008E9A4F /* Concentration Game App.app */,
			);
			name = Products;
			sourceTree = "<group>";
		};
		099D18E922A98BC0008E9A4F /* Concentration Game App */ = {
			isa = PBXGroup;
			children = (
				099D18EA22A98BC0008E9A4F /* AppDelegate.swift */,
				099D18EC22A98BC0008E9A4F /* ViewController.swift */,
				099D18FC22A98F74008E9A4F /* CardModel.swift */,
				099D18FE22A99242008E9A4F /* Card.swift */,
				099D190022A99668008E9A4F /* CardCollectionViewCell.swift */,
				099D18EE22A98BC0008E9A4F /* Main.storyboard */,
				099D18F122A98BC2008E9A4F /* Assets.xcassets */,
				099D18F322A98BC2008E9A4F /* LaunchScreen.storyboard */,
				099D18F622A98BC2008E9A4F /* Info.plist */,
			);
			path = "Concentration Game App";
			sourceTree = "<group>";
		};
/* End PBXGroup section */

/* Begin PBXNativeTarget section */
		099D18E622A98BC0008E9A4F /* Concentration Game App */ = {
			isa = PBXNativeTarget;
			buildConfigurationList = 099D18F922A98BC2008E9A4F /* Build configuration list for PBXNativeTarget "Concentration Game App" */;
			buildPhases = (
				099D18E322A98BC0008E9A4F /* Sources */,
				099D18E422A98BC0008E9A4F /* Frameworks */,
				099D18E522A98BC0008E9A4F /* Resources */,
			);
			buildRules = (
			);
			dependencies = (
			);
			name = "Concentration Game App";
			productName = "Concentration Game App";
			productReference = 099D18E722A98BC0008E9A4F /* Concentration Game App.app */;
			productType = "com.apple.product-type.application";
		};
/* End PBXNativeTarget section */

/* Begin PBXProject section */
		099D18DF22A98BBF008E9A4F /* Project object */ = {
			isa = PBXProject;
			attributes = {
				LastSwiftUpdateCheck = 1000;
				LastUpgradeCheck = 1000;
				ORGANIZATIONNAME = "Deshpande, Anup";
				TargetAttributes = {
					099D18E622A98BC0008E9A4F = {
						CreatedOnToolsVersion = 10.0;
					};
				};
			};
			buildConfigurationList = 099D18E222A98BBF008E9A4F /* Build configuration list for PBXProject "Concentration Game App" */;
			compatibilityVersion = "Xcode 9.3";
			developmentRegion = en;
			hasScannedForEncodings = 0;
			knownRegions = (
				en,
				Base,
			);
			mainGroup = 099D18DE22A98BBF008E9A4F;
			productRefGroup = 099D18E822A98BC0008E9A4F /* Products */;
			projectDirPath = "";
			projectRoot = "";
			targets = (
				099D18E622A98BC0008E9A4F /* Concentration Game App */,
			);
		};
/* End PBXProject section */

/* Begin PBXResourcesBuildPhase section */
		099D18E522A98BC0008E9A4F /* Resources */ = {
			isa = PBXResourcesBuildPhase;
			buildActionMask = 2147483647;
			files = (
				099D18F522A98BC2008E9A4F /* LaunchScreen.storyboard in Resources */,
				099D18F222A98BC2008E9A4F /* Assets.xcassets in Resources */,
				099D18F022A98BC0008E9A4F /* Main.storyboard in Resources */,
			);
			runOnlyForDeploymentPostprocessing = 0;
		};
/* End PBXResourcesBuildPhase section */

/* Begin PBXSourcesBuildPhase section */
		099D18E322A98BC0008E9A4F /* Sources */ = {
			isa = PBXSourcesBuildPhase;
			buildActionMask = 2147483647;
			files = (
				099D18ED22A98BC0008E9A4F /* ViewController.swift in Sources */,
				099D18EB22A98BC0008E9A4F /* AppDelegate.swift in Sources */,
				099D18FD22A98F74008E9A4F /* CardModel.swift in Sources */,
				099D190122A99668008E9A4F /* CardCollectionViewCell.swift in Sources */,
				099D18FF22A99242008E9A4F /* Card.swift in Sources */,
			);
			runOnlyForDeploymentPostprocessing = 0;
		};
/* End PBXSourcesBuildPhase section */

/* Begin PBXVariantGroup section */
		099D18EE22A98BC0008E9A4F /* Main.storyboard */ = {
			isa = PBXVariantGroup;
			children = (
				099D18EF22A98BC0008E9A4F /* Base */,
			);
			name = Main.storyboard;
			sourceTree = "<group>";
		};
		099D18F322A98BC2008E9A4F /* LaunchScreen.storyboard */ = {
			isa = PBXVariantGroup;
			children = (
				099D18F422A98BC2008E9A4F /* Base */,
			);
			name = LaunchScreen.storyboard;
			sourceTree = "<group>";
		};
/* End PBXVariantGroup section */

/* Begin XCBuildConfiguration section */
		099D18F722A98BC2008E9A4F /* Debug */ = {
			isa = XCBuildConfiguration;
			buildSettings = {
				ALWAYS_SEARCH_USER_PATHS = NO;
				CLANG_ANALYZER_NONNULL = YES;
				CLANG_ANALYZER_NUMBER_OBJECT_CONVERSION = YES_AGGRESSIVE;
				CLANG_CXX_LANGUAGE_STANDARD = "gnu++14";
				CLANG_CXX_LIBRARY = "libc++";
				CLANG_ENABLE_MODULES = YES;
				CLANG_ENABLE_OBJC_ARC = YES;
				CLANG_ENABLE_OBJC_WEAK = YES;
				CLANG_WARN_BLOCK_CAPTURE_AUTORELEASING = YES;
				CLANG_WARN_BOOL_CONVERSION = YES;
				CLANG_WARN_COMMA = YES;
				CLANG_WARN_CONSTANT_CONVERSION = YES;
				CLANG_WARN_DEPRECATED_OBJC_IMPLEMENTATIONS = YES;
				CLANG_WARN_DIRECT_OBJC_ISA_USAGE = YES_ERROR;
				CLANG_WARN_DOCUMENTATION_COMMENTS = YES;
				CLANG_WARN_EMPTY_BODY = YES;
				CLANG_WARN_ENUM_CONVERSION = YES;
				CLANG_WARN_INFINITE_RECURSION = YES;
				CLANG_WARN_INT_CONVERSION = YES;
				CLANG_WARN_NON_LITERAL_NULL_CONVERSION = YES;
				CLANG_WARN_OBJC_IMPLICIT_RETAIN_SELF = YES;
				CLANG_WARN_OBJC_LITERAL_CONVERSION = YES;
				CLANG_WARN_OBJC_ROOT_CLASS = YES_ERROR;
				CLANG_WARN_RANGE_LOOP_ANALYSIS = YES;
				CLANG_WARN_STRICT_PROTOTYPES = YES;
				CLANG_WARN_SUSPICIOUS_MOVE = YES;
				CLANG_WARN_UNGUARDED_AVAILABILITY = YES_AGGRESSIVE;
				CLANG_WARN_UNREACHABLE_CODE = YES;
				CLANG_WARN__DUPLICATE_METHOD_MATCH = YES;
				CODE_SIGN_IDENTITY = "iPhone Developer";
				COPY_PHASE_STRIP = NO;
				DEBUG_INFORMATION_FORMAT = dwarf;
				ENABLE_STRICT_OBJC_MSGSEND = YES;
				ENABLE_TESTABILITY = YES;
				GCC_C_LANGUAGE_STANDARD = gnu11;
				GCC_DYNAMIC_NO_PIC = NO;
				GCC_NO_COMMON_BLOCKS = YES;
				GCC_OPTIMIZATION_LEVEL = 0;
				GCC_PREPROCESSOR_DEFINITIONS = (
					"DEBUG=1",
					"$(inherited)",
				);
				GCC_WARN_64_TO_32_BIT_CONVERSION = YES;
				GCC_WARN_ABOUT_RETURN_TYPE = YES_ERROR;
				GCC_WARN_UNDECLARED_SELECTOR = YES;
				GCC_WARN_UNINITIALIZED_AUTOS = YES_AGGRESSIVE;
				GCC_WARN_UNUSED_FUNCTION = YES;
				GCC_WARN_UNUSED_VARIABLE = YES;
				IPHONEOS_DEPLOYMENT_TARGET = 12.0;
				MTL_ENABLE_DEBUG_INFO = INCLUDE_SOURCE;
				MTL_FAST_MATH = YES;
				ONLY_ACTIVE_ARCH = YES;
				SDKROOT = iphoneos;
				SWIFT_ACTIVE_COMPILATION_CONDITIONS = DEBUG;
				SWIFT_OPTIMIZATION_LEVEL = "-Onone";
			};
			name = Debug;
		};
		099D18F822A98BC2008E9A4F /* Release */ = {
			isa = XCBuildConfiguration;
			buildSettings = {
				ALWAYS_SEARCH_USER_PATHS = NO;
				CLANG_ANALYZER_NONNULL = YES;
				CLANG_ANALYZER_NUMBER_OBJECT_CONVERSION = YES_AGGRESSIVE;
				CLANG_CXX_LANGUAGE_STANDARD = "gnu++14";
				CLANG_CXX_LIBRARY = "libc++";
				CLANG_ENABLE_MODULES = YES;
				CLANG_ENABLE_OBJC_ARC = YES;
				CLANG_ENABLE_OBJC_WEAK = YES;
				CLANG_WARN_BLOCK_CAPTURE_AUTORELEASING = YES;
				CLANG_WARN_BOOL_CONVERSION = YES;
				CLANG_WARN_COMMA = YES;
				CLANG_WARN_CONSTANT_CONVERSION = YES;
				CLANG_WARN_DEPRECATED_OBJC_IMPLEMENTATIONS = YES;
				CLANG_WARN_DIRECT_OBJC_ISA_USAGE = YES_ERROR;
				CLANG_WARN_DOCUMENTATION_COMMENTS = YES;
				CLANG_WARN_EMPTY_BODY = YES;
				CLANG_WARN_ENUM_CONVERSION = YES;
				CLANG_WARN_INFINITE_RECURSION = YES;
				CLANG_WARN_INT_CONVERSION = YES;
				CLANG_WARN_NON_LITERAL_NULL_CONVERSION = YES;
				CLANG_WARN_OBJC_IMPLICIT_RETAIN_SELF = YES;
				CLANG_WARN_OBJC_LITERAL_CONVERSION = YES;
				CLANG_WARN_OBJC_ROOT_CLASS = YES_ERROR;
				CLANG_WARN_RANGE_LOOP_ANALYSIS = YES;
				CLANG_WARN_STRICT_PROTOTYPES = YES;
				CLANG_WARN_SUSPICIOUS_MOVE = YES;
				CLANG_WARN_UNGUARDED_AVAILABILITY = YES_AGGRESSIVE;
				CLANG_WARN_UNREACHABLE_CODE = YES;
				CLANG_WARN__DUPLICATE_METHOD_MATCH = YES;
				CODE_SIGN_IDENTITY = "iPhone Developer";
				COPY_PHASE_STRIP = NO;
				DEBUG_INFORMATION_FORMAT = "dwarf-with-dsym";
				ENABLE_NS_ASSERTIONS = NO;
				ENABLE_STRICT_OBJC_MSGSEND = YES;
				GCC_C_LANGUAGE_STANDARD = gnu11;
				GCC_NO_COMMON_BLOCKS = YES;
				GCC_WARN_64_TO_32_BIT_CONVERSION = YES;
				GCC_WARN_ABOUT_RETURN_TYPE = YES_ERROR;
				GCC_WARN_UNDECLARED_SELECTOR = YES;
				GCC_WARN_UNINITIALIZED_AUTOS = YES_AGGRESSIVE;
				GCC_WARN_UNUSED_FUNCTION = YES;
				GCC_WARN_UNUSED_VARIABLE = YES;
				IPHONEOS_DEPLOYMENT_TARGET = 12.0;
				MTL_ENABLE_DEBUG_INFO = NO;
				MTL_FAST_MATH = YES;
				SDKROOT = iphoneos;
				SWIFT_COMPILATION_MODE = wholemodule;
				SWIFT_OPTIMIZATION_LEVEL = "-O";
				VALIDATE_PRODUCT = YES;
			};
			name = Release;
		};
		099D18FA22A98BC2008E9A4F /* Debug */ = {
			isa = XCBuildConfiguration;
			buildSettings = {
				ASSETCATALOG_COMPILER_APPICON_NAME = AppIcon;
				CODE_SIGN_STYLE = Automatic;
				INFOPLIST_FILE = "Concentration Game App/Info.plist";
				LD_RUNPATH_SEARCH_PATHS = (
					"$(inherited)",
					"@executable_path/Frameworks",
				);
				PRODUCT_BUNDLE_IDENTIFIER = "com.deshpandeAnup.Concentration-Game-App";
				PRODUCT_NAME = "$(TARGET_NAME)";
				SWIFT_VERSION = 4.2;
				TARGETED_DEVICE_FAMILY = "1,2";
			};
			name = Debug;
		};
		099D18FB22A98BC2008E9A4F /* Release */ = {
			isa = XCBuildConfiguration;
			buildSettings = {
				ASSETCATALOG_COMPILER_APPICON_NAME = AppIcon;
				CODE_SIGN_STYLE = Automatic;
				INFOPLIST_FILE = "Concentration Game App/Info.plist";
				LD_RUNPATH_SEARCH_PATHS = (
					"$(inherited)",
					"@executable_path/Frameworks",
				);
				PRODUCT_BUNDLE_IDENTIFIER = "com.deshpandeAnup.Concentration-Game-App";
				PRODUCT_NAME = "$(TARGET_NAME)";
				SWIFT_VERSION = 4.2;
				TARGETED_DEVICE_FAMILY = "1,2";
			};
			name = Release;
		};
/* End XCBuildConfiguration section */

/* Begin XCConfigurationList section */
		099D18E222A98BBF008E9A4F /* Build configuration list for PBXProject "Concentration Game App" */ = {
			isa = XCConfigurationList;
			buildConfigurations = (
				099D18F722A98BC2008E9A4F /* Debug */,
				099D18F822A98BC2008E9A4F /* Release */,
			);
			defaultConfigurationIsVisible = 0;
			defaultConfigurationName = Release;
		};
		099D18F922A98BC2008E9A4F /* Build configuration list for PBXNativeTarget "Concentration Game App" */ = {
			isa = XCConfigurationList;
			buildConfigurations = (
				099D18FA22A98BC2008E9A4F /* Debug */,
				099D18FB22A98BC2008E9A4F /* Release */,
			);
			defaultConfigurationIsVisible = 0;
			defaultConfigurationName = Release;
		};
/* End XCConfigurationList section */
	};
	rootObject = 099D18DF22A98BBF008E9A4F /* Project object */;
}
